
Microsoft Visual Studio Solution File, Format Version 12.00
# Visual Studio Version 17
VisualStudioVersion = 17.4.33213.308
MinimumVisualStudioVersion = 10.0.40219.1
Project("{FAE04EC0-301F-11D3-BF4B-00C04F79EFBC}") = "ExcelManagement.DxBlazor", "DxBlazor\ExcelManagement.DxBlazor.csproj", "{A13EB0AA-19F7-4C8B-99E9-49B7BA1953AA}"
EndProject
Project("{FAE04EC0-301F-11D3-BF4B-00C04F79EFBC}") = "ExcelManagement.ClassLibary", "ClassLibary\ExcelManagement.ClassLibary.csproj", "{4780C109-66C2-42D5-B5F1-47C907745EAA}"
EndProject
Global
	GlobalSection(SolutionConfigurationPlatforms) = preSolution
		Debug|Any CPU = Debug|Any CPU
		Release|Any CPU = Release|Any CPU
	EndGlobalSection
	GlobalSection(ProjectConfigurationPlatforms) = postSolution
		{A13EB0AA-19F7-4C8B-99E9-49B7BA1953AA}.Debug|Any CPU.ActiveCfg = Debug|Any CPU
		{A13EB0AA-19F7-4C8B-99E9-49B7BA1953AA}.Debug|Any CPU.Build.0 = Debug|Any CPU
		{A13EB0AA-19F7-4C8B-99E9-49B7BA1953AA}.Release|Any CPU.ActiveCfg = Release|Any CPU
		{A13EB0AA-19F7-4C8B-99E9-49B7BA1953AA}.Release|Any CPU.Build.0 = Release|Any CPU
		{4780C109-66C2-42D5-B5F1-47C907745EAA}.Debug|Any CPU.ActiveCfg = Debug|Any CPU
		{4780C109-66C2-42D5-B5F1-47C907745EAA}.Debug|Any CPU.Build.0 = Debug|Any CPU
		{4780C109-66C2-42D5-B5F1-47C907745EAA}.Release|Any CPU.ActiveCfg = Release|Any CPU
		{4780C109-66C2-42D5-B5F1-47C907745EAA}.Release|Any CPU.Build.0 = Release|Any CPU
	EndGlobalSection
	GlobalSection(SolutionProperties) = preSolution
		HideSolutionNode = FALSE
	EndGlobalSection
	GlobalSection(ExtensibilityGlobals) = postSolution
		SolutionGuid = {70367399-9C1A-40FD-8528-406536A115BA}
	EndGlobalSection
EndGlobal
