
Microsoft Visual Studio Solution File, Format Version 12.00
# Visual Studio Version 17
VisualStudioVersion = 17.4.33213.308
MinimumVisualStudioVersion = 10.0.40219.1
Project("{9A19103F-16F7-4668-BE54-9A1E7A4F7556}") = "ExcelManagement.DxBlazor", "ExcelManagement.DxBlazor\ExcelManagement.DxBlazor.csproj", "{D2F5BA8E-F843-425B-93F0-69E38F0AB7DF}"
EndProject
Project("{9A19103F-16F7-4668-BE54-9A1E7A4F7556}") = "ExcelManagement.ClassLibary", "ExcelManagement.ClassLibary\ExcelManagement.ClassLibary.csproj", "{308FDCD7-A89B-4B2C-80DB-612C91DE844F}"
EndProject
Project("{2150E333-8FDC-42A3-9474-1A3956D46DE8}") = "Src", "Src", "{1DCD11F5-44D1-42E0-A2CF-02734F1347DC}"
EndProject
Project("{2150E333-8FDC-42A3-9474-1A3956D46DE8}") = "Blazor", "Blazor", "{920F1AF5-2AB4-4284-B9B7-47CD91EF6687}"
EndProject
Project("{2150E333-8FDC-42A3-9474-1A3956D46DE8}") = "ClassLibary", "ClassLibary", "{70A9CE49-3C46-4DE9-ACEF-E905B576ACC8}"
EndProject
Project("{2150E333-8FDC-42A3-9474-1A3956D46DE8}") = "Test", "Test", "{C6E42031-1701-4CB4-AE59-52913DC3C446}"
EndProject
Project("{FAE04EC0-301F-11D3-BF4B-00C04F79EFBC}") = "ExcelManagement.Testing", "ExcelManagement.Testing\ExcelManagement.Testing.csproj", "{6D06C6FE-82D4-4CBE-9095-99392CAB2C74}"
EndProject
Global
	GlobalSection(SolutionConfigurationPlatforms) = preSolution
		Debug|Any CPU = Debug|Any CPU
		Release|Any CPU = Release|Any CPU
	EndGlobalSection
	GlobalSection(ProjectConfigurationPlatforms) = postSolution
		{D2F5BA8E-F843-425B-93F0-69E38F0AB7DF}.Debug|Any CPU.ActiveCfg = Debug|Any CPU
		{D2F5BA8E-F843-425B-93F0-69E38F0AB7DF}.Debug|Any CPU.Build.0 = Debug|Any CPU
		{D2F5BA8E-F843-425B-93F0-69E38F0AB7DF}.Release|Any CPU.ActiveCfg = Release|Any CPU
		{D2F5BA8E-F843-425B-93F0-69E38F0AB7DF}.Release|Any CPU.Build.0 = Release|Any CPU
		{308FDCD7-A89B-4B2C-80DB-612C91DE844F}.Debug|Any CPU.ActiveCfg = Debug|Any CPU
		{308FDCD7-A89B-4B2C-80DB-612C91DE844F}.Debug|Any CPU.Build.0 = Debug|Any CPU
		{308FDCD7-A89B-4B2C-80DB-612C91DE844F}.Release|Any CPU.ActiveCfg = Release|Any CPU
		{308FDCD7-A89B-4B2C-80DB-612C91DE844F}.Release|Any CPU.Build.0 = Release|Any CPU
		{6D06C6FE-82D4-4CBE-9095-99392CAB2C74}.Debug|Any CPU.ActiveCfg = Debug|Any CPU
		{6D06C6FE-82D4-4CBE-9095-99392CAB2C74}.Debug|Any CPU.Build.0 = Debug|Any CPU
		{6D06C6FE-82D4-4CBE-9095-99392CAB2C74}.Release|Any CPU.ActiveCfg = Release|Any CPU
		{6D06C6FE-82D4-4CBE-9095-99392CAB2C74}.Release|Any CPU.Build.0 = Release|Any CPU
	EndGlobalSection
	GlobalSection(SolutionProperties) = preSolution
		HideSolutionNode = FALSE
	EndGlobalSection
	GlobalSection(NestedProjects) = preSolution
		{D2F5BA8E-F843-425B-93F0-69E38F0AB7DF} = {920F1AF5-2AB4-4284-B9B7-47CD91EF6687}
		{308FDCD7-A89B-4B2C-80DB-612C91DE844F} = {70A9CE49-3C46-4DE9-ACEF-E905B576ACC8}
		{920F1AF5-2AB4-4284-B9B7-47CD91EF6687} = {1DCD11F5-44D1-42E0-A2CF-02734F1347DC}
		{70A9CE49-3C46-4DE9-ACEF-E905B576ACC8} = {1DCD11F5-44D1-42E0-A2CF-02734F1347DC}
		{C6E42031-1701-4CB4-AE59-52913DC3C446} = {1DCD11F5-44D1-42E0-A2CF-02734F1347DC}
		{6D06C6FE-82D4-4CBE-9095-99392CAB2C74} = {C6E42031-1701-4CB4-AE59-52913DC3C446}
	EndGlobalSection
	GlobalSection(ExtensibilityGlobals) = postSolution
		SolutionGuid = {2C2757CE-7DD5-44C0-B0FB-FF1F7DBB218E}
	EndGlobalSection
EndGlobal
